
Microsoft Visual Studio Solution File, Format Version 12.00
# Visual Studio 15
VisualStudioVersion = 15.0.27703.2026
MinimumVisualStudioVersion = 10.0.40219.1
Project("{9A19103F-16F7-4668-BE54-9A1E7A4F7556}") = "Memoization.Tests", "Memoization.Tests\Memoization.Tests.csproj", "{A84D4E64-0213-4A5A-8C7F-0F6F54900783}"
EndProject
Project("{9A19103F-16F7-4668-BE54-9A1E7A4F7556}") = "Memoization", "Memoization\Memoization.csproj", "{1B45095B-11E7-482C-862F-BB69F960850D}"
EndProject
Project("{2150E333-8FDC-42A3-9474-1A3956D46DE8}") = "Items", "Items", "{081DECAF-0DA7-43AC-8FF8-1953C9FF72C1}"
	ProjectSection(SolutionItems) = preProject
		.gitignore = .gitignore
		.travis.yml = .travis.yml
		LICENSE = LICENSE
	EndProjectSection
EndProject
Global
	GlobalSection(SolutionConfigurationPlatforms) = preSolution
		Debug|Any CPU = Debug|Any CPU
		Release|Any CPU = Release|Any CPU
	EndGlobalSection
	GlobalSection(ProjectConfigurationPlatforms) = postSolution
		{A84D4E64-0213-4A5A-8C7F-0F6F54900783}.Debug|Any CPU.ActiveCfg = Debug|Any CPU
		{A84D4E64-0213-4A5A-8C7F-0F6F54900783}.Debug|Any CPU.Build.0 = Debug|Any CPU
		{A84D4E64-0213-4A5A-8C7F-0F6F54900783}.Release|Any CPU.ActiveCfg = Release|Any CPU
		{A84D4E64-0213-4A5A-8C7F-0F6F54900783}.Release|Any CPU.Build.0 = Release|Any CPU
		{1B45095B-11E7-482C-862F-BB69F960850D}.Debug|Any CPU.ActiveCfg = Debug|Any CPU
		{1B45095B-11E7-482C-862F-BB69F960850D}.Debug|Any CPU.Build.0 = Debug|Any CPU
		{1B45095B-11E7-482C-862F-BB69F960850D}.Release|Any CPU.ActiveCfg = Release|Any CPU
		{1B45095B-11E7-482C-862F-BB69F960850D}.Release|Any CPU.Build.0 = Release|Any CPU
	EndGlobalSection
	GlobalSection(SolutionProperties) = preSolution
		HideSolutionNode = FALSE
	EndGlobalSection
	GlobalSection(ExtensibilityGlobals) = postSolution
		SolutionGuid = {DA0CC9DF-DD53-4245-B631-5FC1226DC361}
	EndGlobalSection
EndGlobal
